{
  "name": "docs-retype",
  "lockfileVersion": 3,
  "requires": true,
  "packages": {
    "": {
      "dependencies": {
        "retypeapp": "^3.8.1"
      }
    },
    "node_modules/retypeapp": {
      "version": "3.8.1",
      "resolved": "https://registry.npmjs.org/retypeapp/-/retypeapp-3.8.1.tgz",
      "integrity": "sha512-x+dIC+BvU5nzVwo9sSfCQ5220dZNnh6vzq55TcfA2f5VZyI99c+jmtyxO6p3kMBrtmAH15Z6H5k3Cs0tteSLpA==",
      "license": "See LICENSE IN LICENSE",
      "bin": {
        "retype": "retype.js"
      }
    }
  }
}
